
Microsoft Visual Studio Solution File, Format Version 12.00
# Visual Studio Version 17
VisualStudioVersion = 17.5.33627.172
MinimumVisualStudioVersion = 10.0.40219.1
Project("{FAE04EC0-301F-11D3-BF4B-00C04F79EFBC}") = "CSharp_PR_2", "CSharp_PR_2\CSharp_PR_2.csproj", "{B788734A-1F4F-4AF5-9EA9-89F446991BF9}"
EndProject
Global
	GlobalSection(SolutionConfigurationPlatforms) = preSolution
		Debug|Any CPU = Debug|Any CPU
		Release|Any CPU = Release|Any CPU
	EndGlobalSection
	GlobalSection(ProjectConfigurationPlatforms) = postSolution
		{B788734A-1F4F-4AF5-9EA9-89F446991BF9}.Debug|Any CPU.ActiveCfg = Debug|Any CPU
		{B788734A-1F4F-4AF5-9EA9-89F446991BF9}.Debug|Any CPU.Build.0 = Debug|Any CPU
		{B788734A-1F4F-4AF5-9EA9-89F446991BF9}.Release|Any CPU.ActiveCfg = Release|Any CPU
		{B788734A-1F4F-4AF5-9EA9-89F446991BF9}.Release|Any CPU.Build.0 = Release|Any CPU
	EndGlobalSection
	GlobalSection(SolutionProperties) = preSolution
		HideSolutionNode = FALSE
	EndGlobalSection
	GlobalSection(ExtensibilityGlobals) = postSolution
		SolutionGuid = {25B38E24-D8F5-44AB-BF42-C13D006AF197}
	EndGlobalSection
EndGlobal
